
Microsoft Visual Studio Solution File, Format Version 12.00
# Visual Studio Version 17
VisualStudioVersion = 17.3.32929.385
MinimumVisualStudioVersion = 10.0.40219.1
Project("{FAE04EC0-301F-11D3-BF4B-00C04F79EFBC}") = "lesson 19", "lesson 19\lesson 19.csproj", "{A2543DB0-5DE0-4799-9F95-F7D2ACBDADAB}"
EndProject
Global
	GlobalSection(SolutionConfigurationPlatforms) = preSolution
		Debug|Any CPU = Debug|Any CPU
		Release|Any CPU = Release|Any CPU
	EndGlobalSection
	GlobalSection(ProjectConfigurationPlatforms) = postSolution
		{A2543DB0-5DE0-4799-9F95-F7D2ACBDADAB}.Debug|Any CPU.ActiveCfg = Debug|Any CPU
		{A2543DB0-5DE0-4799-9F95-F7D2ACBDADAB}.Debug|Any CPU.Build.0 = Debug|Any CPU
		{A2543DB0-5DE0-4799-9F95-F7D2ACBDADAB}.Release|Any CPU.ActiveCfg = Release|Any CPU
		{A2543DB0-5DE0-4799-9F95-F7D2ACBDADAB}.Release|Any CPU.Build.0 = Release|Any CPU
	EndGlobalSection
	GlobalSection(SolutionProperties) = preSolution
		HideSolutionNode = FALSE
	EndGlobalSection
	GlobalSection(ExtensibilityGlobals) = postSolution
		SolutionGuid = {F6F41EE6-FC69-413A-B379-F90FE278B52C}
	EndGlobalSection
EndGlobal
